Microsoft Visual Studio Solution File, Format Version 11.00
# Visual Studio 2015
Project("{1354CD79-0E59-26A1-19EA-0436C173E1BD}") = "Tests", "Tests.vcxproj", "{C007BF32-A3AA-5251-60E0-AD5FCF84BBE3}"
EndProject
Global
	GlobalSection(SolutionConfigurationPlatforms) = preSolution
		Debug|Win32 = Debug|Win32
		Release|Win32 = Release|Win32
		Debug|x64 = Debug|x64
		Release|x64 = Release|x64
	EndGlobalSection
	GlobalSection(ProjectConfigurationPlatforms) = postSolution
		{C007BF32-A3AA-5251-60E0-AD5FCF84BBE3}.Debug|Win32.ActiveCfg = Debug|Win32
		{C007BF32-A3AA-5251-60E0-AD5FCF84BBE3}.Debug|Win32.Build.0 = Debug|Win32
		{C007BF32-A3AA-5251-60E0-AD5FCF84BBE3}.Release|Win32.ActiveCfg = Release|Win32
		{C007BF32-A3AA-5251-60E0-AD5FCF84BBE3}.Release|Win32.Build.0 = Release|Win32
		{C007BF32-A3AA-5251-60E0-AD5FCF84BBE3}.Debug|x64.ActiveCfg = Debug|x64
		{C007BF32-A3AA-5251-60E0-AD5FCF84BBE3}.Debug|x64.Build.0 = Debug|x64
		{C007BF32-A3AA-5251-60E0-AD5FCF84BBE3}.Release|x64.ActiveCfg = Release|x64
		{C007BF32-A3AA-5251-60E0-AD5FCF84BBE3}.Release|x64.Build.0 = Release|x64
	EndGlobalSection
	GlobalSection(SolutionProperties) = preSolution
		HideSolutionNode = FALSE
	EndGlobalSection
EndGlobal
