Microsoft Visual Studio Solution File, Format Version 11.00
# Visual Studio 2015

Project("{8BC9CEB8-8B4A-11D0-8D11-00A0C91BC942}") = "Soundboard - Standalone Plugin", "Soundboard_StandalonePlugin.vcxproj", "{E044FDF5-DDC3-F769-3EDB-C26025D8AB79}"
	ProjectSection(ProjectDependencies) = postProject
		{2ED19ABA-AB3C-E483-B3E7-A94241DBC529} = {2ED19ABA-AB3C-E483-B3E7-A94241DBC529}
	EndProjectSection
EndProject
Project("{8BC9CEB8-8B4A-11D0-8D11-00A0C91BC942}") = "Soundboard - VST3", "Soundboard_VST3.vcxproj", "{231631E2-E1CB-B6EA-6C8D-EA08CF02F6BF}"
	ProjectSection(ProjectDependencies) = postProject
		{2ED19ABA-AB3C-E483-B3E7-A94241DBC529} = {2ED19ABA-AB3C-E483-B3E7-A94241DBC529}
	EndProjectSection
EndProject
Project("{8BC9CEB8-8B4A-11D0-8D11-00A0C91BC942}") = "Soundboard - Shared Code", "Soundboard_SharedCode.vcxproj", "{2ED19ABA-AB3C-E483-B3E7-A94241DBC529}"
EndProject
Global
	GlobalSection(SolutionConfigurationPlatforms) = preSolution
		Debug|x64 = Debug|x64
		Release|x64 = Release|x64
	EndGlobalSection
	GlobalSection(ProjectConfigurationPlatforms) = postSolution
		{231631E2-E1CB-B6EA-6C8D-EA08CF02F6BF}.Debug|x64.ActiveCfg = Debug|x64
		{231631E2-E1CB-B6EA-6C8D-EA08CF02F6BF}.Debug|x64.Build.0 = Debug|x64
		{231631E2-E1CB-B6EA-6C8D-EA08CF02F6BF}.Release|x64.ActiveCfg = Release|x64
		{231631E2-E1CB-B6EA-6C8D-EA08CF02F6BF}.Release|x64.Build.0 = Release|x64
		{E044FDF5-DDC3-F769-3EDB-C26025D8AB79}.Debug|x64.ActiveCfg = Debug|x64
		{E044FDF5-DDC3-F769-3EDB-C26025D8AB79}.Debug|x64.Build.0 = Debug|x64
		{E044FDF5-DDC3-F769-3EDB-C26025D8AB79}.Release|x64.ActiveCfg = Release|x64
		{E044FDF5-DDC3-F769-3EDB-C26025D8AB79}.Release|x64.Build.0 = Release|x64
		{2ED19ABA-AB3C-E483-B3E7-A94241DBC529}.Debug|x64.ActiveCfg = Debug|x64
		{2ED19ABA-AB3C-E483-B3E7-A94241DBC529}.Debug|x64.Build.0 = Debug|x64
		{2ED19ABA-AB3C-E483-B3E7-A94241DBC529}.Release|x64.ActiveCfg = Release|x64
		{2ED19ABA-AB3C-E483-B3E7-A94241DBC529}.Release|x64.Build.0 = Release|x64
	EndGlobalSection
	GlobalSection(SolutionProperties) = preSolution
		HideSolutionNode = FALSE
	EndGlobalSection
EndGlobal
